lockfileVersion: '9.0'

settings:
  autoInstallPeers: true
  excludeLinksFromLockfile: false

importers:

  .:
    dependencies:
      '@deepseek-ai/schemastery':
        specifier: ^3.18.2
        version: 3.18.2
    devDependencies:
      '@deepseek-ai/cordis':
        specifier: ^4.0.2
        version: 4.0.2(@deepseek-ai/cordis-plugin-include@1.0.7)(@deepseek-ai/cordis-plugin-loader@1.0.3)
      '@deepseek-ai/dsh-agent':
        specifier: 0.2.0-rc.2
        version: 0.2.0-rc.2(179d65578d84aa1e699397797e560190)
      '@deepseek-ai/dsh-commands':
        specifier: 0.2.0-rc.2
        version: 0.2.0-rc.2(@deepseek-ai/cordis@4.0.2)(@deepseek-ai/dsh-agent@0.2.0-rc.2(179d65578d84aa1e699397797e560190))(@deepseek-ai/dsh-attachment@0.2.0-rc.2(@deepseek-ai/cordis@4.0.2)(@deepseek-ai/dsh-brand@0.2.0-rc.2(@deepseek-ai/cordis@4.0.2)))(@deepseek-ai/dsh-brand@0.2.0-rc.2(@deepseek-ai/cordis@4.0.2))(@deepseek-ai/dsh-invariants@0.2.0-rc.2(@deepseek-ai/cordis@4.0.2))(@deepseek-ai/dsh-llm@0.2.0-rc.2(@deepseek-ai/cordis@4.0.2))(@deepseek-ai/dsh-scope@0.2.0-rc.2(@deepseek-ai/cordis@4.0.2)(@deepseek-ai/dsh-invariants@0.2.0-rc.2(@deepseek-ai/cordis@4.0.2)))(@deepseek-ai/dsh-session@0.2.0-rc.2(@deepseek-ai/cordis@4.0.2)(@deepseek-ai/dsh-scope@0.2.0-rc.2(@deepseek-ai/cordis@4.0.2)(@deepseek-ai/dsh-invariants@0.2.0-rc.2(@deepseek-ai/cordis@4.0.2))))(@deepseek-ai/dsh-typert-protocol@0.2.0-rc.2(@deepseek-ai/cordis@4.0.2))
      '@deepseek-ai/dsh-permission-presets':
        specifier: 0.2.0-rc.2
        version: 0.2.0-rc.2(16b6b22517052c3dc709dc5067934229)
      '@deepseek-ai/dsh-session':
        specifier: 0.2.0-rc.2
        version: 0.2.0-rc.2(@deepseek-ai/cordis@4.0.2)(@deepseek-ai/dsh-scope@0.2.0-rc.2(@deepseek-ai/cordis@4.0.2)(@deepseek-ai/dsh-invariants@0.2.0-rc.2(@deepseek-ai/cordis@4.0.2)))
      '@deepseek-ai/dsh-session-log-export':
        specifier: 0.2.0-rc.2
        version: 0.2.0-rc.2(@deepseek-ai/cordis@4.0.2)(@deepseek-ai/dsh-session-persistence@0.2.0-rc.2(@deepseek-ai/cordis@4.0.2)(@deepseek-ai/dsh-brand@0.2.0-rc.2(@deepseek-ai/cordis@4.0.2))(@deepseek-ai/dsh-session@0.2.0-rc.2(@deepseek-ai/cordis@4.0.2)(@deepseek-ai/dsh-scope@0.2.0-rc.2(@deepseek-ai/cordis@4.0.2)(@deepseek-ai/dsh-invariants@0.2.0-rc.2(@deepseek-ai/cordis@4.0.2))))(@deepseek-ai/dsh-timeout@0.2.0-rc.2(@deepseek-ai/cordis@4.0.2)))(@deepseek-ai/dsh-session@0.2.0-rc.2(@deepseek-ai/cordis@4.0.2)(@deepseek-ai/dsh-scope@0.2.0-rc.2(@deepseek-ai/cordis@4.0.2)(@deepseek-ai/dsh-invariants@0.2.0-rc.2(@deepseek-ai/cordis@4.0.2))))
      '@deepseek-ai/dsh-session-persistence':
        specifier: 0.2.0-rc.2
        version: 0.2.0-rc.2(@deepseek-ai/cordis@4.0.2)(@deepseek-ai/dsh-brand@0.2.0-rc.2(@deepseek-ai/cordis@4.0.2))(@deepseek-ai/dsh-session@0.2.0-rc.2(@deepseek-ai/cordis@4.0.2)(@deepseek-ai/dsh-scope@0.2.0-rc.2(@deepseek-ai/cordis@4.0.2)(@deepseek-ai/dsh-invariants@0.2.0-rc.2(@deepseek-ai/cordis@4.0.2))))(@deepseek-ai/dsh-timeout@0.2.0-rc.2(@deepseek-ai/cordis@4.0.2))
      '@deepseek-ai/dsh-session-title':
        specifier: 0.2.0-rc.2
        version: 0.2.0-rc.2(@deepseek-ai/cordis@4.0.2)(@deepseek-ai/dsh-agent@0.2.0-rc.2(179d65578d84aa1e699397797e560190))(@deepseek-ai/dsh-brand@0.2.0-rc.2(@deepseek-ai/cordis@4.0.2))(@deepseek-ai/dsh-invariants@0.2.0-rc.2(@deepseek-ai/cordis@4.0.2))(@deepseek-ai/dsh-llm@0.2.0-rc.2(@deepseek-ai/cordis@4.0.2))(@deepseek-ai/dsh-session-projection@0.2.0-rc.2(@deepseek-ai/cordis@4.0.2)(@deepseek-ai/dsh-session@0.2.0-rc.2(@deepseek-ai/cordis@4.0.2)(@deepseek-ai/dsh-scope@0.2.0-rc.2(@deepseek-ai/cordis@4.0.2)(@deepseek-ai/dsh-invariants@0.2.0-rc.2(@deepseek-ai/cordis@4.0.2)))))(@deepseek-ai/dsh-session@0.2.0-rc.2(@deepseek-ai/cordis@4.0.2)(@deepseek-ai/dsh-scope@0.2.0-rc.2(@deepseek-ai/cordis@4.0.2)(@deepseek-ai/dsh-invariants@0.2.0-rc.2(@deepseek-ai/cordis@4.0.2))))
      '@deepseek-ai/dsh-skill':
        specifier: 0.2.0-rc.2
        version: 0.2.0-rc.2(@deepseek-ai/cordis@4.0.2)(@deepseek-ai/dsh-llm@0.2.0-rc.2(@deepseek-ai/cordis@4.0.2))(@deepseek-ai/dsh-scope@0.2.0-rc.2(@deepseek-ai/cordis@4.0.2)(@deepseek-ai/dsh-invariants@0.2.0-rc.2(@deepseek-ai/cordis@4.0.2)))
      '@deepseek-ai/dsh-workspace':
        specifier: 0.2.0-rc.2
        version: 0.2.0-rc.2(91f68ea66072f68bab91450136aaa324)
      '@types/node':
        specifier: ^22.20.0
        version: 22.20.3
      typescript:
        specifier: ^6.0.3
        version: 6.0.3

packages:

  '@deepseek-ai/cordis-plugin-include@1.0.7':
    resolution: {integrity: sha512-bZ4S1YuOmwOeE97HnslQ6ggVQbaWz4GejJ8OcY4P/DIyc1Qhu/3Szt1XSw6c/pd37kRkxxJXGwt4cmCxWSBBuw==}
    peerDependencies:
      '@deepseek-ai/cordis': ^4.0.2
      '@deepseek-ai/cordis-plugin-loader': ^1.0.3

  '@deepseek-ai/cordis-plugin-loader@1.0.3':
    resolution: {integrity: sha512-YNcHiH7TRFrgnRbQU7qdS1spABUFFHg04QpB9DdboPEjgKLTFfeEAvr6Y7qll3/nGgqywDQdk1tYshqKO0p1WQ==}
    peerDependencies:
      '@deepseek-ai/cordis': ^4.0.2
      node-addon-require-builtin: ^0.1.4
    peerDependenciesMeta:
      node-addon-require-builtin:
        optional: true

  '@deepseek-ai/cordis@4.0.2':
    resolution: {integrity: sha512-asOnXP1TzFSFQlHb1iegDZp0z/8WD1c7YNrwJR/Tx2bzNuMXfcekE/I67Iv6SQXeLB4csxqCngzQKANP7gdw0g==}
    hasBin: true
    peerDependencies:
      '@deepseek-ai/cordis-plugin-include': ^1.0.7
      '@deepseek-ai/cordis-plugin-loader': ^1.0.3
    peerDependenciesMeta:
      '@deepseek-ai/cordis-plugin-include':
        optional: true
      '@deepseek-ai/cordis-plugin-loader':
        optional: true

  '@deepseek-ai/cosmokit@1.8.3':
    resolution: {integrity: sha512-qBo+ronVM6Eu2WNVJXi8JcMiqZ19T9BRIpV+5qJUFPXjGH/Z0QKcQMC/IZJ7L394YTOtJgcovbk9qP0w2GsBXQ==}

  '@deepseek-ai/cosmokit@1.8.5':
    resolution: {integrity: sha512-LXsrlem9z8dq4sLflj2yuCuYX7KqhdzF5hZly3eZyuTo8d6oDSOXuEgC5DbQWKW+lksm6zmOutQLsP/ma6wR6A==}

  '@deepseek-ai/dsh-agent@0.2.0-rc.2':
    resolution: {integrity: sha512-CUkbU+c1G0ETXkpoLkpAFo5midz66FQGtlgQOP9pzvU9H3zJQVl4H5LrhhGVbEXKLFgdbtQiOynEW8hpWn3y0Q==}
    peerDependencies:
      '@deepseek-ai/cordis': ~4.0.4
      '@deepseek-ai/dsh-invariants': 0.2.0-rc.2
      '@deepseek-ai/dsh-llm': 0.2.0-rc.2
      '@deepseek-ai/dsh-scope': 0.2.0-rc.2
      '@deepseek-ai/dsh-session': 0.2.0-rc.2
      '@deepseek-ai/dsh-session-projection': 0.2.0-rc.2
      '@deepseek-ai/dsh-system-prompt': 0.2.0-rc.2
      '@deepseek-ai/dsh-typert-protocol': 0.2.0-rc.2
      '@deepseek-ai/dsh-util-values': 0.2.0-rc.2
      '@deepseek-ai/dsh-workspace': 0.2.0-rc.2
    peerDependenciesMeta:
      '@deepseek-ai/dsh-workspace':
        optional: true

  '@deepseek-ai/dsh-attachment@0.2.0-rc.2':
    resolution: {integrity: sha512-asUDLv+mfb30vjjlQtMI9aBnC+kmPoUxS1ooadhwAd8wssIlLetq97nzC5W1qd0GQGwZtPG/gpljVAMcSwPr1g==}
    peerDependencies:
      '@deepseek-ai/cordis': ~4.0.4
      '@deepseek-ai/dsh-brand': 0.2.0-rc.2

  '@deepseek-ai/dsh-brand@0.2.0-rc.2':
    resolution: {integrity: sha512-A5XlN4tIgP0qObkYFhcZ7Oz/tM2oESEZqLwS0Qq+sM1ivGx6o4AMPgJdfKQlwLzqk0cMLNtAaVBHfiYoElt4lw==}
    peerDependencies:
      '@deepseek-ai/cordis': ~4.0.4

  '@deepseek-ai/dsh-commands@0.2.0-rc.2':
    resolution: {integrity: sha512-pU5oUyOMPDN0yxEjE1wJRInNeC5hs5vJnbOG8MSSfkFov/7Q8hrfwETxZtcRnbrpzzeG19wsvtRz1twkEMKZBA==}
    peerDependencies:
      '@deepseek-ai/cordis': ~4.0.4
      '@deepseek-ai/dsh-agent': 0.2.0-rc.2
      '@deepseek-ai/dsh-attachment': 0.2.0-rc.2
      '@deepseek-ai/dsh-brand': 0.2.0-rc.2
      '@deepseek-ai/dsh-invariants': 0.2.0-rc.2
      '@deepseek-ai/dsh-llm': 0.2.0-rc.2
      '@deepseek-ai/dsh-scope': 0.2.0-rc.2
      '@deepseek-ai/dsh-session': 0.2.0-rc.2
      '@deepseek-ai/dsh-typert-protocol': 0.2.0-rc.2

  '@deepseek-ai/dsh-http-proxy@0.2.0-rc.2':
    resolution: {integrity: sha512-zIGscCHeW6MUIKrksxhW03McWtKKpaDVVMf877bt51ZPP8p4UG8KmBUqJmX2l3eVoHeuuEyqM5zJSCj5NtSBGg==}
    peerDependencies:
      '@deepseek-ai/cordis': ~4.0.4

  '@deepseek-ai/dsh-invariants@0.2.0-rc.2':
    resolution: {integrity: sha512-QOVc0HpRsS8ekvprb45FlxieDvgR/cAMaxW289HASjMoV/U/B54FpbkHuPBw4EnTw07/sPkjx2B/23+YqE0cbg==}
    peerDependencies:
      '@deepseek-ai/cordis': ~4.0.4

  '@deepseek-ai/dsh-llm@0.2.0-rc.2':
    resolution: {integrity: sha512-6QFrQn/h0iNqCfPpgQidnHtLSpA99A7ZND/uYKaGSd/4BGP8KBhuRd0w63e9s4u+hfW8jc3j29WKcNLIOeUfcA==}
    peerDependencies:
      '@deepseek-ai/cordis': ~4.0.4

  '@deepseek-ai/dsh-permission-presets@0.2.0-rc.2':
    resolution: {integrity: sha512-7jOAGdhEtRlhXZnJC92Sj+Z689jGcZdI8xMkA64o5GNyTxDcyzmTMwQLa24Jqm0NH5GKj1DHYoKm8LMEmicl0w==}
    peerDependencies:
      '@deepseek-ai/cordis': ~4.0.4
      '@deepseek-ai/dsh-commands': 0.2.0-rc.2
      '@deepseek-ai/dsh-invariants': 0.2.0-rc.2
      '@deepseek-ai/dsh-sandbox': 0.2.0-rc.2
      '@deepseek-ai/dsh-sandbox-policy': 0.2.0-rc.2
      '@deepseek-ai/dsh-session': 0.2.0-rc.2
      '@deepseek-ai/dsh-session-projection': 0.2.0-rc.2
      '@deepseek-ai/dsh-shell': 0.2.0-rc.2
      '@deepseek-ai/dsh-typert-protocol': 0.2.0-rc.2
      '@deepseek-ai/dsh-user-approval': 0.2.0-rc.2

  '@deepseek-ai/dsh-sandbox-policy@0.2.0-rc.2':
    resolution: {integrity: sha512-0xXVqWw908/V6scohMyyU9SZSiQJYji+S1hMPulcUNLb3iew89d+WPWMIkWQBJRvcJzdQ2ghHwCESRkONXTJnQ==}
    peerDependencies:
      '@deepseek-ai/cordis': ~4.0.4
      '@deepseek-ai/dsh-agent': 0.2.0-rc.2
      '@deepseek-ai/dsh-invariants': 0.2.0-rc.2
      '@deepseek-ai/dsh-sandbox': 0.2.0-rc.2
      '@deepseek-ai/dsh-session': 0.2.0-rc.2
      '@deepseek-ai/dsh-session-projection': 0.2.0-rc.2
      '@deepseek-ai/dsh-system-prompt': 0.2.0-rc.2

  '@deepseek-ai/dsh-sandbox@0.2.0-rc.2':
    resolution: {integrity: sha512-luKF7ey6HRZkGhImqLCB5Npt4f4omDRk1r+x5qQNqqdNOuN9LXciKDMNPfnSbHfKCcqSZbH3sK+APOmKzRAhVA==}
    peerDependencies:
      '@deepseek-ai/cordis': ~4.0.4
      '@deepseek-ai/dsh-llm': 0.2.0-rc.2
      '@deepseek-ai/dsh-session': 0.2.0-rc.2

  '@deepseek-ai/dsh-scope@0.2.0-rc.2':
    resolution: {integrity: sha512-066p7Wv74GNWt4xA5Cyvl+7c/i9KrNEDALYh2/hu0VsJPLb4T9He+TY7y1bld9OgungmqyTy1n/cB2ZrVskvxA==}
    peerDependencies:
      '@deepseek-ai/cordis': ~4.0.4
      '@deepseek-ai/dsh-invariants': 0.2.0-rc.2

  '@deepseek-ai/dsh-session-format@0.2.0-rc.2':
    resolution: {integrity: sha512-qdWtsJt1cLJbUAMCgzRBZ2LyW+XRJpetnle4N/0X/pkmJ9eOM6Y+QqwRQdcEcI4pWuEbPwuq7/HrnqoanVaiwg==}
    peerDependencies:
      '@deepseek-ai/cordis': ~4.0.4

  '@deepseek-ai/dsh-session-log-export@0.2.0-rc.2':
    resolution: {integrity: sha512-e8Hwf6Cpnv4mWYiN7xFeSwI5qfPhyGhkDF0ln/k+gANwyQltk0hHu1D1aWQ2OTMvMhpJ9i+MlRJH06DA99n26Q==}
    peerDependencies:
      '@deepseek-ai/cordis': ~4.0.4
      '@deepseek-ai/dsh-session': 0.2.0-rc.2
      '@deepseek-ai/dsh-session-persistence': 0.2.0-rc.2

  '@deepseek-ai/dsh-session-persistence@0.2.0-rc.2':
    resolution: {integrity: sha512-2OoRHZYWi5Vy0+1bPU37Y/NTh6uQiZ3VdpvDmW1oCgsapQr2JS/Lbody1gXOMJ1KXglCSLmePgTMC00uKw/UIg==}
    peerDependencies:
      '@deepseek-ai/cordis': ~4.0.4
      '@deepseek-ai/dsh-brand': 0.2.0-rc.2
      '@deepseek-ai/dsh-session': 0.2.0-rc.2
      '@deepseek-ai/dsh-timeout': 0.2.0-rc.2

  '@deepseek-ai/dsh-session-projection@0.2.0-rc.2':
    resolution: {integrity: sha512-caJ+XGjmR8ouws0LrvuXrabrzi21akB2l8CniUHdx4IpT6GkLapFYlWLbjZlDYqEWB3ktR+q32nxW2s+f27GSA==}
    peerDependencies:
      '@deepseek-ai/cordis': ~4.0.4
      '@deepseek-ai/dsh-session': 0.2.0-rc.2

  '@deepseek-ai/dsh-session-title@0.2.0-rc.2':
    resolution: {integrity: sha512-602qEtmftsQfRzUu4u0sispiHXDGnRGwtS3+isaPmcEDlxETwMjWusatAaGvRIlrl6GGc27mr1IbqxjHWwI5zA==}
    peerDependencies:
      '@deepseek-ai/cordis': ~4.0.4
      '@deepseek-ai/dsh-agent': 0.2.0-rc.2
      '@deepseek-ai/dsh-brand': 0.2.0-rc.2
      '@deepseek-ai/dsh-invariants': 0.2.0-rc.2
      '@deepseek-ai/dsh-llm': 0.2.0-rc.2
      '@deepseek-ai/dsh-session': 0.2.0-rc.2
      '@deepseek-ai/dsh-session-projection': 0.2.0-rc.2

  '@deepseek-ai/dsh-session@0.2.0-rc.2':
    resolution: {integrity: sha512-wj+6MeqCYbDcbEvKH3puHyEGdjyu51JwBoN6Ua2tz6griLufDgLM5HpSU40L5xgpbOfrYVhXZs4vRgOrMlFY2g==}
    peerDependencies:
      '@deepseek-ai/cordis': ~4.0.4
      '@deepseek-ai/dsh-scope': 0.2.0-rc.2

  '@deepseek-ai/dsh-shell@0.2.0-rc.2':
    resolution: {integrity: sha512-+3uBpxhXSzukUZx7XjdnUVfItj/w4maPQAcDXnVxF8vVt/dHa2NDJBXyYC9fzIA4PnXqVHFURdrhMfFgeD7GJA==}
    peerDependencies:
      '@deepseek-ai/cordis': ~4.0.4
      '@deepseek-ai/dsh-sandbox': 0.2.0-rc.2
      '@deepseek-ai/dsh-subprocess': 0.2.0-rc.2

  '@deepseek-ai/dsh-skill@0.2.0-rc.2':
    resolution: {integrity: sha512-3QfzZ6qWfESq1TRoVjEfoBRCTONRLU9aLopKpA7hJg/LZ2GqCgMoSvOwJJL+q2Djbs3oiUyC9qJHRnnN6EacIA==}
    peerDependencies:
      '@deepseek-ai/cordis': ~4.0.4
      '@deepseek-ai/dsh-llm': 0.2.0-rc.2
      '@deepseek-ai/dsh-scope': 0.2.0-rc.2

  '@deepseek-ai/dsh-storage-domain@0.2.0-rc.2':
    resolution: {integrity: sha512-GHHphcdLUNnFBPY1QOfE3dg6yKenIxB5wpgSNghZ7iG+Ifunwj4tyRUZ6YLKvni3HO9Kog1eIdXlUa9yEux39A==}
    peerDependencies:
      '@deepseek-ai/cordis': ~4.0.4
      '@deepseek-ai/dsh-invariants': 0.2.0-rc.2
      '@deepseek-ai/dsh-storage': 0.2.0-rc.2

  '@deepseek-ai/dsh-storage@0.2.0-rc.2':
    resolution: {integrity: sha512-tItvFJ1IAurwmZfBdrr8w+GuyLADZXZ01bos06Ma0QmD3+0NNyvo0E9qmYb54TfJ2h5yvRcFosHO1048gzuPPw==}
    peerDependencies:
      '@deepseek-ai/cordis': ~4.0.4

  '@deepseek-ai/dsh-subprocess@0.2.0-rc.2':
    resolution: {integrity: sha512-81ULZG0xg2ZKgrs+R+JY8okUwLp8jjsboR+QsMUMf5WFaJ2PueJ+krbhODB2enLx3MUyMX/wR6msnzi14ZNSAA==}
    peerDependencies:
      '@deepseek-ai/cordis': ~4.0.4
      '@deepseek-ai/dsh-http-proxy': 0.2.0-rc.2

  '@deepseek-ai/dsh-system-prompt@0.2.0-rc.2':
    resolution: {integrity: sha512-ZZNk2gkXFV8CIT0IOZXS+pFaxNVJaRknYyH2vc4ZgZAiHKT+RqUYNr8e1F5Kp0AaN0DNlcTkjOGP5MCxeXfDjg==}
    peerDependencies:
      '@deepseek-ai/cordis': ~4.0.4
      '@deepseek-ai/dsh-invariants': 0.2.0-rc.2
      '@deepseek-ai/dsh-llm': 0.2.0-rc.2
      '@deepseek-ai/dsh-scope': 0.2.0-rc.2

  '@deepseek-ai/dsh-timeout@0.2.0-rc.2':
    resolution: {integrity: sha512-NDob8b8DJDB/sDPz3P7xhrkxOh1O9FbN1EZRKsxP4fuTfp4hrQU7aekYS5qZENFKoR8dBJMTh/zcEBw4m31glQ==}
    peerDependencies:
      '@deepseek-ai/cordis': ~4.0.4

  '@deepseek-ai/dsh-typert-protocol@0.2.0-rc.2':
    resolution: {integrity: sha512-95RvIDcVac2BWdv1IxN6yKlRV+8eEvkofqSxV+d0r8x1kx2EIWEsbdxz6C+coYIm+8e03MiN+rwOt8J7sLfe7Q==}
    peerDependencies:
      '@deepseek-ai/cordis': ~4.0.4

  '@deepseek-ai/dsh-user-approval@0.2.0-rc.2':
    resolution: {integrity: sha512-fZMfDp4IeWZMwAKEQkuAYCiGRrwoVWNObvAbpdmQNUavjfYCtwwduWqYQz+5lMQq8vENdczBj7cxnO/pOQ1oZQ==}
    peerDependencies:
      '@deepseek-ai/cordis': ~4.0.4
      '@deepseek-ai/dsh-agent': 0.2.0-rc.2
      '@deepseek-ai/dsh-brand': 0.2.0-rc.2
      '@deepseek-ai/dsh-invariants': 0.2.0-rc.2
      '@deepseek-ai/dsh-llm': 0.2.0-rc.2
      '@deepseek-ai/dsh-scope': 0.2.0-rc.2
      '@deepseek-ai/dsh-session': 0.2.0-rc.2
      '@deepseek-ai/dsh-system-prompt': 0.2.0-rc.2

  '@deepseek-ai/dsh-util-crypto@0.2.0-rc.2':
    resolution: {integrity: sha512-5OvvmepY69uXTagUMlnoHqg7euI4ZMifLgfdV8xZO20OslWGGiRCkJbZRyDtcJG9GsXWz9UimfWmUu52zKXJ5w==}
    peerDependencies:
      '@deepseek-ai/cordis': ~4.0.4

  '@deepseek-ai/dsh-util-values@0.2.0-rc.2':
    resolution: {integrity: sha512-qgpsbgiZABuE9UvgNaVo9b2HiWwLeU93CTl9PFXqE0jN8ap1ALxzQsLGvr/q2MJuWDYqnFBg60XnqnY8ZxPWEg==}
    peerDependencies:
      '@deepseek-ai/cordis': ~4.0.4

  '@deepseek-ai/dsh-workspace@0.2.0-rc.2':
    resolution: {integrity: sha512-Dvu+lzziMr5vpz9+G+qMabg9rJxqViFdNlz8ch56/zDp4tmwY3hnk2JZ4OuuiLHYUuUeM34ic1H5758IL3YKnA==}
    peerDependencies:
      '@deepseek-ai/cordis': ~4.0.4
      '@deepseek-ai/dsh-invariants': 0.2.0-rc.2
      '@deepseek-ai/dsh-session': 0.2.0-rc.2
      '@deepseek-ai/dsh-session-persistence': 0.2.0-rc.2
      '@deepseek-ai/dsh-storage': 0.2.0-rc.2
      '@deepseek-ai/dsh-storage-domain': 0.2.0-rc.2
      '@deepseek-ai/dsh-typert-protocol': 0.2.0-rc.2

  '@deepseek-ai/schemastery@3.18.2':
    resolution: {integrity: sha512-njDtZsznjYxok7KLLlHOPyuv2efdWVbSflAHgztSfbMsg+CVraEoRe2DjOCgClYv3ZCSm7WXoaUkbB/+RY7tWQ==}

  '@deepseek-ai/schemastery@3.18.4':
    resolution: {integrity: sha512-SSXO6tYuyrIqKVbmOnIq0s+riUywYzouFMcnBluHF9n4KMo2G8HvEzhCYj6pj2617/glOjbJuVInJ9hfONsjkg==}

  '@standard-schema/spec@1.1.0':
    resolution: {integrity: sha512-l2aFy5jALhniG5HgqrD6jXLi/rUWrKvqN/qJx6yoJsgKhblVd+iqqU4RCXavm/jPityDo5TCvKMnpjKnOriy0w==}

  '@types/node@22.20.3':
    resolution: {integrity: sha512-DZmzkmwHzXrLPAXPyKNDzlIwMMUZCVacoD25ywdy5YTKGbOx/2ld+Q38Im2zJ0vBuZP5Prd3VZutKZyXwkOS8A==}

  argparse@2.0.1:
    resolution: {integrity: sha512-8+9WqebbFzpX9OR+Wa6O29asIogeRMzcGtAINdpMHHyAg10f05aSFVBbcEqGf/PXw1EjAZ+q2/bEBg3DvurK3Q==}

  fflate@0.8.3:
    resolution: {integrity: sha512-tbZNuJrLwGUp3zshBtdy4W+ORxZuIh8a5ilyIEQDC5rY1f3U20JMry0Ll3WBzU58EZKsEuJFXhb5gwv8CsPvgA==}

  js-yaml@4.3.2:
    resolution: {integrity: sha512-SFNOvSJ+Dgf/9An904Yx+CgSlIPCkIpao4qo51lpee25TIRejdH3rhR4EZMGoNx3/TP3O+wzWuiTFl4sqbltzA==}
    hasBin: true

  typescript@6.0.3:
    resolution: {integrity: sha512-y2TvuxSZPDyQakkFRPZHKFm+KKVqIisdg9/CZwm9ftvKXLP8NRWj38/ODjNbr43SsoXqNuAisEf1GdCxqWcdBw==}
    engines: {node: '>=14.17'}
    hasBin: true

  undici-types@6.21.0:
    resolution: {integrity: sha512-iwDZqg0QAGrg9Rav5H4n0M64c3mkR59cJ6wQp+7C4nI0gsmExaedaYLNO44eT4AtBBwjbTiGPMlt2Md0T9H9JQ==}

  undici@8.10.2:
    resolution: {integrity: sha512-/y4/bH9YNU5hi9NIrpOuvGXFcxrj3CMrV+/AYpowAYTpHn8gX/XPFjNy766FPoYY0miQhdW977JFWKGNhBdwyQ==}
    engines: {node: '>=22.19.0'}

  zod@4.6.5:
    resolution: {integrity: sha512-v5l/aFXZQeai4awLbOpSoHecE9UiMrnfx75tEXLjNonXVARxQ5mOeipTjROUchszUNCqnE+hqAMujRsRHsut2Q==}

snapshots:

  '@deepseek-ai/cordis-plugin-include@1.0.7(@deepseek-ai/cordis-plugin-loader@1.0.3)(@deepseek-ai/cordis@4.0.2)':
    dependencies:
      '@deepseek-ai/cordis': 4.0.2(@deepseek-ai/cordis-plugin-include@1.0.7)(@deepseek-ai/cordis-plugin-loader@1.0.3)
      '@deepseek-ai/cordis-plugin-loader': 1.0.3(@deepseek-ai/cordis@4.0.2)
      '@deepseek-ai/cosmokit': 1.8.5
      js-yaml: 4.3.2
    optional: true

  '@deepseek-ai/cordis-plugin-loader@1.0.3(@deepseek-ai/cordis@4.0.2)':
    dependencies:
      '@deepseek-ai/cordis': 4.0.2(@deepseek-ai/cordis-plugin-include@1.0.7)(@deepseek-ai/cordis-plugin-loader@1.0.3)
      '@deepseek-ai/cosmokit': 1.8.5
    optional: true

  '@deepseek-ai/cordis@4.0.2(@deepseek-ai/cordis-plugin-include@1.0.7)(@deepseek-ai/cordis-plugin-loader@1.0.3)':
    dependencies:
      '@deepseek-ai/cosmokit': 1.8.3
      '@standard-schema/spec': 1.1.0
    optionalDependencies:
      '@deepseek-ai/cordis-plugin-include': 1.0.7(@deepseek-ai/cordis-plugin-loader@1.0.3)(@deepseek-ai/cordis@4.0.2)
      '@deepseek-ai/cordis-plugin-loader': 1.0.3(@deepseek-ai/cordis@4.0.2)

  '@deepseek-ai/cosmokit@1.8.3': {}

  '@deepseek-ai/cosmokit@1.8.5': {}

  '@deepseek-ai/dsh-agent@0.2.0-rc.2(179d65578d84aa1e699397797e560190)':
    dependencies:
      '@deepseek-ai/cordis': 4.0.2(@deepseek-ai/cordis-plugin-include@1.0.7)(@deepseek-ai/cordis-plugin-loader@1.0.3)
      '@deepseek-ai/dsh-invariants': 0.2.0-rc.2(@deepseek-ai/cordis@4.0.2)
      '@deepseek-ai/dsh-llm': 0.2.0-rc.2(@deepseek-ai/cordis@4.0.2)
      '@deepseek-ai/dsh-scope': 0.2.0-rc.2(@deepseek-ai/cordis@4.0.2)(@deepseek-ai/dsh-invariants@0.2.0-rc.2(@deepseek-ai/cordis@4.0.2))
      '@deepseek-ai/dsh-session': 0.2.0-rc.2(@deepseek-ai/cordis@4.0.2)(@deepseek-ai/dsh-scope@0.2.0-rc.2(@deepseek-ai/cordis@4.0.2)(@deepseek-ai/dsh-invariants@0.2.0-rc.2(@deepseek-ai/cordis@4.0.2)))
      '@deepseek-ai/dsh-session-projection': 0.2.0-rc.2(@deepseek-ai/cordis@4.0.2)(@deepseek-ai/dsh-session@0.2.0-rc.2(@deepseek-ai/cordis@4.0.2)(@deepseek-ai/dsh-scope@0.2.0-rc.2(@deepseek-ai/cordis@4.0.2)(@deepseek-ai/dsh-invariants@0.2.0-rc.2(@deepseek-ai/cordis@4.0.2))))
      '@deepseek-ai/dsh-system-prompt': 0.2.0-rc.2(@deepseek-ai/cordis@4.0.2)(@deepseek-ai/dsh-invariants@0.2.0-rc.2(@deepseek-ai/cordis@4.0.2))(@deepseek-ai/dsh-llm@0.2.0-rc.2(@deepseek-ai/cordis@4.0.2))(@deepseek-ai/dsh-scope@0.2.0-rc.2(@deepseek-ai/cordis@4.0.2)(@deepseek-ai/dsh-invariants@0.2.0-rc.2(@deepseek-ai/cordis@4.0.2)))
      '@deepseek-ai/dsh-typert-protocol': 0.2.0-rc.2(@deepseek-ai/cordis@4.0.2)
      '@deepseek-ai/dsh-util-values': 0.2.0-rc.2(@deepseek-ai/cordis@4.0.2)
    optionalDependencies:
      '@deepseek-ai/dsh-workspace': 0.2.0-rc.2(91f68ea66072f68bab91450136aaa324)

  '@deepseek-ai/dsh-attachment@0.2.0-rc.2(@deepseek-ai/cordis@4.0.2)(@deepseek-ai/dsh-brand@0.2.0-rc.2(@deepseek-ai/cordis@4.0.2))':
    dependencies:
      '@deepseek-ai/cordis': 4.0.2(@deepseek-ai/cordis-plugin-include@1.0.7)(@deepseek-ai/cordis-plugin-loader@1.0.3)
      '@deepseek-ai/dsh-brand': 0.2.0-rc.2(@deepseek-ai/cordis@4.0.2)

  '@deepseek-ai/dsh-brand@0.2.0-rc.2(@deepseek-ai/cordis@4.0.2)':
    dependencies:
      '@deepseek-ai/cordis': 4.0.2(@deepseek-ai/cordis-plugin-include@1.0.7)(@deepseek-ai/cordis-plugin-loader@1.0.3)

  '@deepseek-ai/dsh-commands@0.2.0-rc.2(@deepseek-ai/cordis@4.0.2)(@deepseek-ai/dsh-agent@0.2.0-rc.2(179d65578d84aa1e699397797e560190))(@deepseek-ai/dsh-attachment@0.2.0-rc.2(@deepseek-ai/cordis@4.0.2)(@deepseek-ai/dsh-brand@0.2.0-rc.2(@deepseek-ai/cordis@4.0.2)))(@deepseek-ai/dsh-brand@0.2.0-rc.2(@deepseek-ai/cordis@4.0.2))(@deepseek-ai/dsh-invariants@0.2.0-rc.2(@deepseek-ai/cordis@4.0.2))(@deepseek-ai/dsh-llm@0.2.0-rc.2(@deepseek-ai/cordis@4.0.2))(@deepseek-ai/dsh-scope@0.2.0-rc.2(@deepseek-ai/cordis@4.0.2)(@deepseek-ai/dsh-invariants@0.2.0-rc.2(@deepseek-ai/cordis@4.0.2)))(@deepseek-ai/dsh-session@0.2.0-rc.2(@deepseek-ai/cordis@4.0.2)(@deepseek-ai/dsh-scope@0.2.0-rc.2(@deepseek-ai/cordis@4.0.2)(@deepseek-ai/dsh-invariants@0.2.0-rc.2(@deepseek-ai/cordis@4.0.2))))(@deepseek-ai/dsh-typert-protocol@0.2.0-rc.2(@deepseek-ai/cordis@4.0.2))':
    dependencies:
      '@deepseek-ai/cordis': 4.0.2(@deepseek-ai/cordis-plugin-include@1.0.7)(@deepseek-ai/cordis-plugin-loader@1.0.3)
      '@deepseek-ai/dsh-agent': 0.2.0-rc.2(179d65578d84aa1e699397797e560190)
      '@deepseek-ai/dsh-attachment': 0.2.0-rc.2(@deepseek-ai/cordis@4.0.2)(@deepseek-ai/dsh-brand@0.2.0-rc.2(@deepseek-ai/cordis@4.0.2))
      '@deepseek-ai/dsh-brand': 0.2.0-rc.2(@deepseek-ai/cordis@4.0.2)
      '@deepseek-ai/dsh-invariants': 0.2.0-rc.2(@deepseek-ai/cordis@4.0.2)
      '@deepseek-ai/dsh-llm': 0.2.0-rc.2(@deepseek-ai/cordis@4.0.2)
      '@deepseek-ai/dsh-scope': 0.2.0-rc.2(@deepseek-ai/cordis@4.0.2)(@deepseek-ai/dsh-invariants@0.2.0-rc.2(@deepseek-ai/cordis@4.0.2))
      '@deepseek-ai/dsh-session': 0.2.0-rc.2(@deepseek-ai/cordis@4.0.2)(@deepseek-ai/dsh-scope@0.2.0-rc.2(@deepseek-ai/cordis@4.0.2)(@deepseek-ai/dsh-invariants@0.2.0-rc.2(@deepseek-ai/cordis@4.0.2)))
      '@deepseek-ai/dsh-typert-protocol': 0.2.0-rc.2(@deepseek-ai/cordis@4.0.2)
      '@deepseek-ai/dsh-util-crypto': 0.2.0-rc.2(@deepseek-ai/cordis@4.0.2)
      zod: 4.6.5

  '@deepseek-ai/dsh-http-proxy@0.2.0-rc.2(@deepseek-ai/cordis@4.0.2)':
    dependencies:
      '@deepseek-ai/cordis': 4.0.2(@deepseek-ai/cordis-plugin-include@1.0.7)(@deepseek-ai/cordis-plugin-loader@1.0.3)
      undici: 8.10.2

  '@deepseek-ai/dsh-invariants@0.2.0-rc.2(@deepseek-ai/cordis@4.0.2)':
    dependencies:
      '@deepseek-ai/cordis': 4.0.2(@deepseek-ai/cordis-plugin-include@1.0.7)(@deepseek-ai/cordis-plugin-loader@1.0.3)
      '@deepseek-ai/schemastery': 3.18.4

  '@deepseek-ai/dsh-llm@0.2.0-rc.2(@deepseek-ai/cordis@4.0.2)':
    dependencies:
      '@deepseek-ai/cordis': 4.0.2(@deepseek-ai/cordis-plugin-include@1.0.7)(@deepseek-ai/cordis-plugin-loader@1.0.3)
      '@deepseek-ai/dsh-brand': 0.2.0-rc.2(@deepseek-ai/cordis@4.0.2)
      '@deepseek-ai/dsh-timeout': 0.2.0-rc.2(@deepseek-ai/cordis@4.0.2)
      '@deepseek-ai/dsh-typert-protocol': 0.2.0-rc.2(@deepseek-ai/cordis@4.0.2)
      '@deepseek-ai/dsh-util-crypto': 0.2.0-rc.2(@deepseek-ai/cordis@4.0.2)
      '@deepseek-ai/dsh-util-values': 0.2.0-rc.2(@deepseek-ai/cordis@4.0.2)
      '@deepseek-ai/schemastery': 3.18.4
      zod: 4.6.5

  '@deepseek-ai/dsh-permission-presets@0.2.0-rc.2(16b6b22517052c3dc709dc5067934229)':
    dependencies:
      '@deepseek-ai/cordis': 4.0.2(@deepseek-ai/cordis-plugin-include@1.0.7)(@deepseek-ai/cordis-plugin-loader@1.0.3)
      '@deepseek-ai/dsh-commands': 0.2.0-rc.2(@deepseek-ai/cordis@4.0.2)(@deepseek-ai/dsh-agent@0.2.0-rc.2(179d65578d84aa1e699397797e560190))(@deepseek-ai/dsh-attachment@0.2.0-rc.2(@deepseek-ai/cordis@4.0.2)(@deepseek-ai/dsh-brand@0.2.0-rc.2(@deepseek-ai/cordis@4.0.2)))(@deepseek-ai/dsh-brand@0.2.0-rc.2(@deepseek-ai/cordis@4.0.2))(@deepseek-ai/dsh-invariants@0.2.0-rc.2(@deepseek-ai/cordis@4.0.2))(@deepseek-ai/dsh-llm@0.2.0-rc.2(@deepseek-ai/cordis@4.0.2))(@deepseek-ai/dsh-scope@0.2.0-rc.2(@deepseek-ai/cordis@4.0.2)(@deepseek-ai/dsh-invariants@0.2.0-rc.2(@deepseek-ai/cordis@4.0.2)))(@deepseek-ai/dsh-session@0.2.0-rc.2(@deepseek-ai/cordis@4.0.2)(@deepseek-ai/dsh-scope@0.2.0-rc.2(@deepseek-ai/cordis@4.0.2)(@deepseek-ai/dsh-invariants@0.2.0-rc.2(@deepseek-ai/cordis@4.0.2))))(@deepseek-ai/dsh-typert-protocol@0.2.0-rc.2(@deepseek-ai/cordis@4.0.2))
      '@deepseek-ai/dsh-invariants': 0.2.0-rc.2(@deepseek-ai/cordis@4.0.2)
      '@deepseek-ai/dsh-sandbox': 0.2.0-rc.2(@deepseek-ai/cordis@4.0.2)(@deepseek-ai/dsh-llm@0.2.0-rc.2(@deepseek-ai/cordis@4.0.2))(@deepseek-ai/dsh-session@0.2.0-rc.2(@deepseek-ai/cordis@4.0.2)(@deepseek-ai/dsh-scope@0.2.0-rc.2(@deepseek-ai/cordis@4.0.2)(@deepseek-ai/dsh-invariants@0.2.0-rc.2(@deepseek-ai/cordis@4.0.2))))
      '@deepseek-ai/dsh-sandbox-policy': 0.2.0-rc.2(3202421e5b8af016e9fb1acd0c62ebf6)
      '@deepseek-ai/dsh-session': 0.2.0-rc.2(@deepseek-ai/cordis@4.0.2)(@deepseek-ai/dsh-scope@0.2.0-rc.2(@deepseek-ai/cordis@4.0.2)(@deepseek-ai/dsh-invariants@0.2.0-rc.2(@deepseek-ai/cordis@4.0.2)))
      '@deepseek-ai/dsh-session-projection': 0.2.0-rc.2(@deepseek-ai/cordis@4.0.2)(@deepseek-ai/dsh-session@0.2.0-rc.2(@deepseek-ai/cordis@4.0.2)(@deepseek-ai/dsh-scope@0.2.0-rc.2(@deepseek-ai/cordis@4.0.2)(@deepseek-ai/dsh-invariants@0.2.0-rc.2(@deepseek-ai/cordis@4.0.2))))
      '@deepseek-ai/dsh-shell': 0.2.0-rc.2(@deepseek-ai/cordis@4.0.2)(@deepseek-ai/dsh-sandbox@0.2.0-rc.2(@deepseek-ai/cordis@4.0.2)(@deepseek-ai/dsh-llm@0.2.0-rc.2(@deepseek-ai/cordis@4.0.2))(@deepseek-ai/dsh-session@0.2.0-rc.2(@deepseek-ai/cordis@4.0.2)(@deepseek-ai/dsh-scope@0.2.0-rc.2(@deepseek-ai/cordis@4.0.2)(@deepseek-ai/dsh-invariants@0.2.0-rc.2(@deepseek-ai/cordis@4.0.2)))))(@deepseek-ai/dsh-subprocess@0.2.0-rc.2(@deepseek-ai/cordis@4.0.2)(@deepseek-ai/dsh-http-proxy@0.2.0-rc.2(@deepseek-ai/cordis@4.0.2)))
      '@deepseek-ai/dsh-typert-protocol': 0.2.0-rc.2(@deepseek-ai/cordis@4.0.2)
      '@deepseek-ai/dsh-user-approval': 0.2.0-rc.2(@deepseek-ai/cordis@4.0.2)(@deepseek-ai/dsh-agent@0.2.0-rc.2(179d65578d84aa1e699397797e560190))(@deepseek-ai/dsh-brand@0.2.0-rc.2(@deepseek-ai/cordis@4.0.2))(@deepseek-ai/dsh-invariants@0.2.0-rc.2(@deepseek-ai/cordis@4.0.2))(@deepseek-ai/dsh-llm@0.2.0-rc.2(@deepseek-ai/cordis@4.0.2))(@deepseek-ai/dsh-scope@0.2.0-rc.2(@deepseek-ai/cordis@4.0.2)(@deepseek-ai/dsh-invariants@0.2.0-rc.2(@deepseek-ai/cordis@4.0.2)))(@deepseek-ai/dsh-session@0.2.0-rc.2(@deepseek-ai/cordis@4.0.2)(@deepseek-ai/dsh-scope@0.2.0-rc.2(@deepseek-ai/cordis@4.0.2)(@deepseek-ai/dsh-invariants@0.2.0-rc.2(@deepseek-ai/cordis@4.0.2))))(@deepseek-ai/dsh-system-prompt@0.2.0-rc.2(@deepseek-ai/cordis@4.0.2)(@deepseek-ai/dsh-invariants@0.2.0-rc.2(@deepseek-ai/cordis@4.0.2))(@deepseek-ai/dsh-llm@0.2.0-rc.2(@deepseek-ai/cordis@4.0.2))(@deepseek-ai/dsh-scope@0.2.0-rc.2(@deepseek-ai/cordis@4.0.2)(@deepseek-ai/dsh-invariants@0.2.0-rc.2(@deepseek-ai/cordis@4.0.2))))
      '@deepseek-ai/schemastery': 3.18.4
      zod: 4.6.5

  '@deepseek-ai/dsh-sandbox-policy@0.2.0-rc.2(3202421e5b8af016e9fb1acd0c62ebf6)':
    dependencies:
      '@deepseek-ai/cordis': 4.0.2(@deepseek-ai/cordis-plugin-include@1.0.7)(@deepseek-ai/cordis-plugin-loader@1.0.3)
      '@deepseek-ai/dsh-agent': 0.2.0-rc.2(179d65578d84aa1e699397797e560190)
      '@deepseek-ai/dsh-invariants': 0.2.0-rc.2(@deepseek-ai/cordis@4.0.2)
      '@deepseek-ai/dsh-sandbox': 0.2.0-rc.2(@deepseek-ai/cordis@4.0.2)(@deepseek-ai/dsh-llm@0.2.0-rc.2(@deepseek-ai/cordis@4.0.2))(@deepseek-ai/dsh-session@0.2.0-rc.2(@deepseek-ai/cordis@4.0.2)(@deepseek-ai/dsh-scope@0.2.0-rc.2(@deepseek-ai/cordis@4.0.2)(@deepseek-ai/dsh-invariants@0.2.0-rc.2(@deepseek-ai/cordis@4.0.2))))
      '@deepseek-ai/dsh-session': 0.2.0-rc.2(@deepseek-ai/cordis@4.0.2)(@deepseek-ai/dsh-scope@0.2.0-rc.2(@deepseek-ai/cordis@4.0.2)(@deepseek-ai/dsh-invariants@0.2.0-rc.2(@deepseek-ai/cordis@4.0.2)))
      '@deepseek-ai/dsh-session-projection': 0.2.0-rc.2(@deepseek-ai/cordis@4.0.2)(@deepseek-ai/dsh-session@0.2.0-rc.2(@deepseek-ai/cordis@4.0.2)(@deepseek-ai/dsh-scope@0.2.0-rc.2(@deepseek-ai/cordis@4.0.2)(@deepseek-ai/dsh-invariants@0.2.0-rc.2(@deepseek-ai/cordis@4.0.2))))
      '@deepseek-ai/dsh-system-prompt': 0.2.0-rc.2(@deepseek-ai/cordis@4.0.2)(@deepseek-ai/dsh-invariants@0.2.0-rc.2(@deepseek-ai/cordis@4.0.2))(@deepseek-ai/dsh-llm@0.2.0-rc.2(@deepseek-ai/cordis@4.0.2))(@deepseek-ai/dsh-scope@0.2.0-rc.2(@deepseek-ai/cordis@4.0.2)(@deepseek-ai/dsh-invariants@0.2.0-rc.2(@deepseek-ai/cordis@4.0.2)))
      '@deepseek-ai/schemastery': 3.18.4
      zod: 4.6.5

  '@deepseek-ai/dsh-sandbox@0.2.0-rc.2(@deepseek-ai/cordis@4.0.2)(@deepseek-ai/dsh-llm@0.2.0-rc.2(@deepseek-ai/cordis@4.0.2))(@deepseek-ai/dsh-session@0.2.0-rc.2(@deepseek-ai/cordis@4.0.2)(@deepseek-ai/dsh-scope@0.2.0-rc.2(@deepseek-ai/cordis@4.0.2)(@deepseek-ai/dsh-invariants@0.2.0-rc.2(@deepseek-ai/cordis@4.0.2))))':
    dependencies:
      '@deepseek-ai/cordis': 4.0.2(@deepseek-ai/cordis-plugin-include@1.0.7)(@deepseek-ai/cordis-plugin-loader@1.0.3)
      '@deepseek-ai/dsh-llm': 0.2.0-rc.2(@deepseek-ai/cordis@4.0.2)
      '@deepseek-ai/dsh-session': 0.2.0-rc.2(@deepseek-ai/cordis@4.0.2)(@deepseek-ai/dsh-scope@0.2.0-rc.2(@deepseek-ai/cordis@4.0.2)(@deepseek-ai/dsh-invariants@0.2.0-rc.2(@deepseek-ai/cordis@4.0.2)))
      '@deepseek-ai/dsh-util-values': 0.2.0-rc.2(@deepseek-ai/cordis@4.0.2)

  '@deepseek-ai/dsh-scope@0.2.0-rc.2(@deepseek-ai/cordis@4.0.2)(@deepseek-ai/dsh-invariants@0.2.0-rc.2(@deepseek-ai/cordis@4.0.2))':
    dependencies:
      '@deepseek-ai/cordis': 4.0.2(@deepseek-ai/cordis-plugin-include@1.0.7)(@deepseek-ai/cordis-plugin-loader@1.0.3)
      '@deepseek-ai/dsh-invariants': 0.2.0-rc.2(@deepseek-ai/cordis@4.0.2)

  '@deepseek-ai/dsh-session-format@0.2.0-rc.2(@deepseek-ai/cordis@4.0.2)':
    dependencies:
      '@deepseek-ai/cordis': 4.0.2(@deepseek-ai/cordis-plugin-include@1.0.7)(@deepseek-ai/cordis-plugin-loader@1.0.3)
      '@deepseek-ai/dsh-util-values': 0.2.0-rc.2(@deepseek-ai/cordis@4.0.2)

  '@deepseek-ai/dsh-session-log-export@0.2.0-rc.2(@deepseek-ai/cordis@4.0.2)(@deepseek-ai/dsh-session-persistence@0.2.0-rc.2(@deepseek-ai/cordis@4.0.2)(@deepseek-ai/dsh-brand@0.2.0-rc.2(@deepseek-ai/cordis@4.0.2))(@deepseek-ai/dsh-session@0.2.0-rc.2(@deepseek-ai/cordis@4.0.2)(@deepseek-ai/dsh-scope@0.2.0-rc.2(@deepseek-ai/cordis@4.0.2)(@deepseek-ai/dsh-invariants@0.2.0-rc.2(@deepseek-ai/cordis@4.0.2))))(@deepseek-ai/dsh-timeout@0.2.0-rc.2(@deepseek-ai/cordis@4.0.2)))(@deepseek-ai/dsh-session@0.2.0-rc.2(@deepseek-ai/cordis@4.0.2)(@deepseek-ai/dsh-scope@0.2.0-rc.2(@deepseek-ai/cordis@4.0.2)(@deepseek-ai/dsh-invariants@0.2.0-rc.2(@deepseek-ai/cordis@4.0.2))))':
    dependencies:
      '@deepseek-ai/cordis': 4.0.2(@deepseek-ai/cordis-plugin-include@1.0.7)(@deepseek-ai/cordis-plugin-loader@1.0.3)
      '@deepseek-ai/dsh-brand': 0.2.0-rc.2(@deepseek-ai/cordis@4.0.2)
      '@deepseek-ai/dsh-session': 0.2.0-rc.2(@deepseek-ai/cordis@4.0.2)(@deepseek-ai/dsh-scope@0.2.0-rc.2(@deepseek-ai/cordis@4.0.2)(@deepseek-ai/dsh-invariants@0.2.0-rc.2(@deepseek-ai/cordis@4.0.2)))
      '@deepseek-ai/dsh-session-format': 0.2.0-rc.2(@deepseek-ai/cordis@4.0.2)
      '@deepseek-ai/dsh-session-persistence': 0.2.0-rc.2(@deepseek-ai/cordis@4.0.2)(@deepseek-ai/dsh-brand@0.2.0-rc.2(@deepseek-ai/cordis@4.0.2))(@deepseek-ai/dsh-session@0.2.0-rc.2(@deepseek-ai/cordis@4.0.2)(@deepseek-ai/dsh-scope@0.2.0-rc.2(@deepseek-ai/cordis@4.0.2)(@deepseek-ai/dsh-invariants@0.2.0-rc.2(@deepseek-ai/cordis@4.0.2))))(@deepseek-ai/dsh-timeout@0.2.0-rc.2(@deepseek-ai/cordis@4.0.2))
      '@deepseek-ai/schemastery': 3.18.4
      fflate: 0.8.3

  '@deepseek-ai/dsh-session-persistence@0.2.0-rc.2(@deepseek-ai/cordis@4.0.2)(@deepseek-ai/dsh-brand@0.2.0-rc.2(@deepseek-ai/cordis@4.0.2))(@deepseek-ai/dsh-session@0.2.0-rc.2(@deepseek-ai/cordis@4.0.2)(@deepseek-ai/dsh-scope@0.2.0-rc.2(@deepseek-ai/cordis@4.0.2)(@deepseek-ai/dsh-invariants@0.2.0-rc.2(@deepseek-ai/cordis@4.0.2))))(@deepseek-ai/dsh-timeout@0.2.0-rc.2(@deepseek-ai/cordis@4.0.2))':
    dependencies:
      '@deepseek-ai/cordis': 4.0.2(@deepseek-ai/cordis-plugin-include@1.0.7)(@deepseek-ai/cordis-plugin-loader@1.0.3)
      '@deepseek-ai/dsh-brand': 0.2.0-rc.2(@deepseek-ai/cordis@4.0.2)
      '@deepseek-ai/dsh-session': 0.2.0-rc.2(@deepseek-ai/cordis@4.0.2)(@deepseek-ai/dsh-scope@0.2.0-rc.2(@deepseek-ai/cordis@4.0.2)(@deepseek-ai/dsh-invariants@0.2.0-rc.2(@deepseek-ai/cordis@4.0.2)))
      '@deepseek-ai/dsh-timeout': 0.2.0-rc.2(@deepseek-ai/cordis@4.0.2)
      '@deepseek-ai/dsh-util-values': 0.2.0-rc.2(@deepseek-ai/cordis@4.0.2)

  '@deepseek-ai/dsh-session-projection@0.2.0-rc.2(@deepseek-ai/cordis@4.0.2)(@deepseek-ai/dsh-session@0.2.0-rc.2(@deepseek-ai/cordis@4.0.2)(@deepseek-ai/dsh-scope@0.2.0-rc.2(@deepseek-ai/cordis@4.0.2)(@deepseek-ai/dsh-invariants@0.2.0-rc.2(@deepseek-ai/cordis@4.0.2))))':
    dependencies:
      '@deepseek-ai/cordis': 4.0.2(@deepseek-ai/cordis-plugin-include@1.0.7)(@deepseek-ai/cordis-plugin-loader@1.0.3)
      '@deepseek-ai/dsh-session': 0.2.0-rc.2(@deepseek-ai/cordis@4.0.2)(@deepseek-ai/dsh-scope@0.2.0-rc.2(@deepseek-ai/cordis@4.0.2)(@deepseek-ai/dsh-invariants@0.2.0-rc.2(@deepseek-ai/cordis@4.0.2)))
      zod: 4.6.5

  '@deepseek-ai/dsh-session-title@0.2.0-rc.2(@deepseek-ai/cordis@4.0.2)(@deepseek-ai/dsh-agent@0.2.0-rc.2(179d65578d84aa1e699397797e560190))(@deepseek-ai/dsh-brand@0.2.0-rc.2(@deepseek-ai/cordis@4.0.2))(@deepseek-ai/dsh-invariants@0.2.0-rc.2(@deepseek-ai/cordis@4.0.2))(@deepseek-ai/dsh-llm@0.2.0-rc.2(@deepseek-ai/cordis@4.0.2))(@deepseek-ai/dsh-session-projection@0.2.0-rc.2(@deepseek-ai/cordis@4.0.2)(@deepseek-ai/dsh-session@0.2.0-rc.2(@deepseek-ai/cordis@4.0.2)(@deepseek-ai/dsh-scope@0.2.0-rc.2(@deepseek-ai/cordis@4.0.2)(@deepseek-ai/dsh-invariants@0.2.0-rc.2(@deepseek-ai/cordis@4.0.2)))))(@deepseek-ai/dsh-session@0.2.0-rc.2(@deepseek-ai/cordis@4.0.2)(@deepseek-ai/dsh-scope@0.2.0-rc.2(@deepseek-ai/cordis@4.0.2)(@deepseek-ai/dsh-invariants@0.2.0-rc.2(@deepseek-ai/cordis@4.0.2))))':
    dependencies:
      '@deepseek-ai/cordis': 4.0.2(@deepseek-ai/cordis-plugin-include@1.0.7)(@deepseek-ai/cordis-plugin-loader@1.0.3)
      '@deepseek-ai/dsh-agent': 0.2.0-rc.2(179d65578d84aa1e699397797e560190)
      '@deepseek-ai/dsh-brand': 0.2.0-rc.2(@deepseek-ai/cordis@4.0.2)
      '@deepseek-ai/dsh-invariants': 0.2.0-rc.2(@deepseek-ai/cordis@4.0.2)
      '@deepseek-ai/dsh-llm': 0.2.0-rc.2(@deepseek-ai/cordis@4.0.2)
      '@deepseek-ai/dsh-session': 0.2.0-rc.2(@deepseek-ai/cordis@4.0.2)(@deepseek-ai/dsh-scope@0.2.0-rc.2(@deepseek-ai/cordis@4.0.2)(@deepseek-ai/dsh-invariants@0.2.0-rc.2(@deepseek-ai/cordis@4.0.2)))
      '@deepseek-ai/dsh-session-projection': 0.2.0-rc.2(@deepseek-ai/cordis@4.0.2)(@deepseek-ai/dsh-session@0.2.0-rc.2(@deepseek-ai/cordis@4.0.2)(@deepseek-ai/dsh-scope@0.2.0-rc.2(@deepseek-ai/cordis@4.0.2)(@deepseek-ai/dsh-invariants@0.2.0-rc.2(@deepseek-ai/cordis@4.0.2))))
      '@deepseek-ai/dsh-util-values': 0.2.0-rc.2(@deepseek-ai/cordis@4.0.2)
      '@deepseek-ai/schemastery': 3.18.4
      zod: 4.6.5

  '@deepseek-ai/dsh-session@0.2.0-rc.2(@deepseek-ai/cordis@4.0.2)(@deepseek-ai/dsh-scope@0.2.0-rc.2(@deepseek-ai/cordis@4.0.2)(@deepseek-ai/dsh-invariants@0.2.0-rc.2(@deepseek-ai/cordis@4.0.2)))':
    dependencies:
      '@deepseek-ai/cordis': 4.0.2(@deepseek-ai/cordis-plugin-include@1.0.7)(@deepseek-ai/cordis-plugin-loader@1.0.3)
      '@deepseek-ai/dsh-brand': 0.2.0-rc.2(@deepseek-ai/cordis@4.0.2)
      '@deepseek-ai/dsh-llm': 0.2.0-rc.2(@deepseek-ai/cordis@4.0.2)
      '@deepseek-ai/dsh-scope': 0.2.0-rc.2(@deepseek-ai/cordis@4.0.2)(@deepseek-ai/dsh-invariants@0.2.0-rc.2(@deepseek-ai/cordis@4.0.2))
      '@deepseek-ai/dsh-util-values': 0.2.0-rc.2(@deepseek-ai/cordis@4.0.2)

  '@deepseek-ai/dsh-shell@0.2.0-rc.2(@deepseek-ai/cordis@4.0.2)(@deepseek-ai/dsh-sandbox@0.2.0-rc.2(@deepseek-ai/cordis@4.0.2)(@deepseek-ai/dsh-llm@0.2.0-rc.2(@deepseek-ai/cordis@4.0.2))(@deepseek-ai/dsh-session@0.2.0-rc.2(@deepseek-ai/cordis@4.0.2)(@deepseek-ai/dsh-scope@0.2.0-rc.2(@deepseek-ai/cordis@4.0.2)(@deepseek-ai/dsh-invariants@0.2.0-rc.2(@deepseek-ai/cordis@4.0.2)))))(@deepseek-ai/dsh-subprocess@0.2.0-rc.2(@deepseek-ai/cordis@4.0.2)(@deepseek-ai/dsh-http-proxy@0.2.0-rc.2(@deepseek-ai/cordis@4.0.2)))':
    dependencies:
      '@deepseek-ai/cordis': 4.0.2(@deepseek-ai/cordis-plugin-include@1.0.7)(@deepseek-ai/cordis-plugin-loader@1.0.3)
      '@deepseek-ai/dsh-sandbox': 0.2.0-rc.2(@deepseek-ai/cordis@4.0.2)(@deepseek-ai/dsh-llm@0.2.0-rc.2(@deepseek-ai/cordis@4.0.2))(@deepseek-ai/dsh-session@0.2.0-rc.2(@deepseek-ai/cordis@4.0.2)(@deepseek-ai/dsh-scope@0.2.0-rc.2(@deepseek-ai/cordis@4.0.2)(@deepseek-ai/dsh-invariants@0.2.0-rc.2(@deepseek-ai/cordis@4.0.2))))
      '@deepseek-ai/dsh-subprocess': 0.2.0-rc.2(@deepseek-ai/cordis@4.0.2)(@deepseek-ai/dsh-http-proxy@0.2.0-rc.2(@deepseek-ai/cordis@4.0.2))

  '@deepseek-ai/dsh-skill@0.2.0-rc.2(@deepseek-ai/cordis@4.0.2)(@deepseek-ai/dsh-llm@0.2.0-rc.2(@deepseek-ai/cordis@4.0.2))(@deepseek-ai/dsh-scope@0.2.0-rc.2(@deepseek-ai/cordis@4.0.2)(@deepseek-ai/dsh-invariants@0.2.0-rc.2(@deepseek-ai/cordis@4.0.2)))':
    dependencies:
      '@deepseek-ai/cordis': 4.0.2(@deepseek-ai/cordis-plugin-include@1.0.7)(@deepseek-ai/cordis-plugin-loader@1.0.3)
      '@deepseek-ai/dsh-llm': 0.2.0-rc.2(@deepseek-ai/cordis@4.0.2)
      '@deepseek-ai/dsh-scope': 0.2.0-rc.2(@deepseek-ai/cordis@4.0.2)(@deepseek-ai/dsh-invariants@0.2.0-rc.2(@deepseek-ai/cordis@4.0.2))
      '@deepseek-ai/dsh-util-values': 0.2.0-rc.2(@deepseek-ai/cordis@4.0.2)
      '@deepseek-ai/schemastery': 3.18.4

  '@deepseek-ai/dsh-storage-domain@0.2.0-rc.2(@deepseek-ai/cordis@4.0.2)(@deepseek-ai/dsh-invariants@0.2.0-rc.2(@deepseek-ai/cordis@4.0.2))(@deepseek-ai/dsh-storage@0.2.0-rc.2(@deepseek-ai/cordis@4.0.2))':
    dependencies:
      '@deepseek-ai/cordis': 4.0.2(@deepseek-ai/cordis-plugin-include@1.0.7)(@deepseek-ai/cordis-plugin-loader@1.0.3)
      '@deepseek-ai/dsh-invariants': 0.2.0-rc.2(@deepseek-ai/cordis@4.0.2)
      '@deepseek-ai/dsh-storage': 0.2.0-rc.2(@deepseek-ai/cordis@4.0.2)
      '@deepseek-ai/schemastery': 3.18.4
      zod: 4.6.5

  '@deepseek-ai/dsh-storage@0.2.0-rc.2(@deepseek-ai/cordis@4.0.2)':
    dependencies:
      '@deepseek-ai/cordis': 4.0.2(@deepseek-ai/cordis-plugin-include@1.0.7)(@deepseek-ai/cordis-plugin-loader@1.0.3)

  '@deepseek-ai/dsh-subprocess@0.2.0-rc.2(@deepseek-ai/cordis@4.0.2)(@deepseek-ai/dsh-http-proxy@0.2.0-rc.2(@deepseek-ai/cordis@4.0.2))':
    dependencies:
      '@deepseek-ai/cordis': 4.0.2(@deepseek-ai/cordis-plugin-include@1.0.7)(@deepseek-ai/cordis-plugin-loader@1.0.3)
      '@deepseek-ai/dsh-http-proxy': 0.2.0-rc.2(@deepseek-ai/cordis@4.0.2)

  '@deepseek-ai/dsh-system-prompt@0.2.0-rc.2(@deepseek-ai/cordis@4.0.2)(@deepseek-ai/dsh-invariants@0.2.0-rc.2(@deepseek-ai/cordis@4.0.2))(@deepseek-ai/dsh-llm@0.2.0-rc.2(@deepseek-ai/cordis@4.0.2))(@deepseek-ai/dsh-scope@0.2.0-rc.2(@deepseek-ai/cordis@4.0.2)(@deepseek-ai/dsh-invariants@0.2.0-rc.2(@deepseek-ai/cordis@4.0.2)))':
    dependencies:
      '@deepseek-ai/cordis': 4.0.2(@deepseek-ai/cordis-plugin-include@1.0.7)(@deepseek-ai/cordis-plugin-loader@1.0.3)
      '@deepseek-ai/dsh-invariants': 0.2.0-rc.2(@deepseek-ai/cordis@4.0.2)
      '@deepseek-ai/dsh-llm': 0.2.0-rc.2(@deepseek-ai/cordis@4.0.2)
      '@deepseek-ai/dsh-scope': 0.2.0-rc.2(@deepseek-ai/cordis@4.0.2)(@deepseek-ai/dsh-invariants@0.2.0-rc.2(@deepseek-ai/cordis@4.0.2))
      '@deepseek-ai/schemastery': 3.18.4

  '@deepseek-ai/dsh-timeout@0.2.0-rc.2(@deepseek-ai/cordis@4.0.2)':
    dependencies:
      '@deepseek-ai/cordis': 4.0.2(@deepseek-ai/cordis-plugin-include@1.0.7)(@deepseek-ai/cordis-plugin-loader@1.0.3)

  '@deepseek-ai/dsh-typert-protocol@0.2.0-rc.2(@deepseek-ai/cordis@4.0.2)':
    dependencies:
      '@deepseek-ai/cordis': 4.0.2(@deepseek-ai/cordis-plugin-include@1.0.7)(@deepseek-ai/cordis-plugin-loader@1.0.3)
      '@deepseek-ai/dsh-brand': 0.2.0-rc.2(@deepseek-ai/cordis@4.0.2)

  '@deepseek-ai/dsh-user-approval@0.2.0-rc.2(@deepseek-ai/cordis@4.0.2)(@deepseek-ai/dsh-agent@0.2.0-rc.2(179d65578d84aa1e699397797e560190))(@deepseek-ai/dsh-brand@0.2.0-rc.2(@deepseek-ai/cordis@4.0.2))(@deepseek-ai/dsh-invariants@0.2.0-rc.2(@deepseek-ai/cordis@4.0.2))(@deepseek-ai/dsh-llm@0.2.0-rc.2(@deepseek-ai/cordis@4.0.2))(@deepseek-ai/dsh-scope@0.2.0-rc.2(@deepseek-ai/cordis@4.0.2)(@deepseek-ai/dsh-invariants@0.2.0-rc.2(@deepseek-ai/cordis@4.0.2)))(@deepseek-ai/dsh-session@0.2.0-rc.2(@deepseek-ai/cordis@4.0.2)(@deepseek-ai/dsh-scope@0.2.0-rc.2(@deepseek-ai/cordis@4.0.2)(@deepseek-ai/dsh-invariants@0.2.0-rc.2(@deepseek-ai/cordis@4.0.2))))(@deepseek-ai/dsh-system-prompt@0.2.0-rc.2(@deepseek-ai/cordis@4.0.2)(@deepseek-ai/dsh-invariants@0.2.0-rc.2(@deepseek-ai/cordis@4.0.2))(@deepseek-ai/dsh-llm@0.2.0-rc.2(@deepseek-ai/cordis@4.0.2))(@deepseek-ai/dsh-scope@0.2.0-rc.2(@deepseek-ai/cordis@4.0.2)(@deepseek-ai/dsh-invariants@0.2.0-rc.2(@deepseek-ai/cordis@4.0.2))))':
    dependencies:
      '@deepseek-ai/cordis': 4.0.2(@deepseek-ai/cordis-plugin-include@1.0.7)(@deepseek-ai/cordis-plugin-loader@1.0.3)
      '@deepseek-ai/dsh-agent': 0.2.0-rc.2(179d65578d84aa1e699397797e560190)
      '@deepseek-ai/dsh-brand': 0.2.0-rc.2(@deepseek-ai/cordis@4.0.2)
      '@deepseek-ai/dsh-invariants': 0.2.0-rc.2(@deepseek-ai/cordis@4.0.2)
      '@deepseek-ai/dsh-llm': 0.2.0-rc.2(@deepseek-ai/cordis@4.0.2)
      '@deepseek-ai/dsh-scope': 0.2.0-rc.2(@deepseek-ai/cordis@4.0.2)(@deepseek-ai/dsh-invariants@0.2.0-rc.2(@deepseek-ai/cordis@4.0.2))
      '@deepseek-ai/dsh-session': 0.2.0-rc.2(@deepseek-ai/cordis@4.0.2)(@deepseek-ai/dsh-scope@0.2.0-rc.2(@deepseek-ai/cordis@4.0.2)(@deepseek-ai/dsh-invariants@0.2.0-rc.2(@deepseek-ai/cordis@4.0.2)))
      '@deepseek-ai/dsh-system-prompt': 0.2.0-rc.2(@deepseek-ai/cordis@4.0.2)(@deepseek-ai/dsh-invariants@0.2.0-rc.2(@deepseek-ai/cordis@4.0.2))(@deepseek-ai/dsh-llm@0.2.0-rc.2(@deepseek-ai/cordis@4.0.2))(@deepseek-ai/dsh-scope@0.2.0-rc.2(@deepseek-ai/cordis@4.0.2)(@deepseek-ai/dsh-invariants@0.2.0-rc.2(@deepseek-ai/cordis@4.0.2)))
      '@deepseek-ai/schemastery': 3.18.4

  '@deepseek-ai/dsh-util-crypto@0.2.0-rc.2(@deepseek-ai/cordis@4.0.2)':
    dependencies:
      '@deepseek-ai/cordis': 4.0.2(@deepseek-ai/cordis-plugin-include@1.0.7)(@deepseek-ai/cordis-plugin-loader@1.0.3)

  '@deepseek-ai/dsh-util-values@0.2.0-rc.2(@deepseek-ai/cordis@4.0.2)':
    dependencies:
      '@deepseek-ai/cordis': 4.0.2(@deepseek-ai/cordis-plugin-include@1.0.7)(@deepseek-ai/cordis-plugin-loader@1.0.3)

  '@deepseek-ai/dsh-workspace@0.2.0-rc.2(91f68ea66072f68bab91450136aaa324)':
    dependencies:
      '@deepseek-ai/cordis': 4.0.2(@deepseek-ai/cordis-plugin-include@1.0.7)(@deepseek-ai/cordis-plugin-loader@1.0.3)
      '@deepseek-ai/dsh-brand': 0.2.0-rc.2(@deepseek-ai/cordis@4.0.2)
      '@deepseek-ai/dsh-invariants': 0.2.0-rc.2(@deepseek-ai/cordis@4.0.2)
      '@deepseek-ai/dsh-session': 0.2.0-rc.2(@deepseek-ai/cordis@4.0.2)(@deepseek-ai/dsh-scope@0.2.0-rc.2(@deepseek-ai/cordis@4.0.2)(@deepseek-ai/dsh-invariants@0.2.0-rc.2(@deepseek-ai/cordis@4.0.2)))
      '@deepseek-ai/dsh-session-persistence': 0.2.0-rc.2(@deepseek-ai/cordis@4.0.2)(@deepseek-ai/dsh-brand@0.2.0-rc.2(@deepseek-ai/cordis@4.0.2))(@deepseek-ai/dsh-session@0.2.0-rc.2(@deepseek-ai/cordis@4.0.2)(@deepseek-ai/dsh-scope@0.2.0-rc.2(@deepseek-ai/cordis@4.0.2)(@deepseek-ai/dsh-invariants@0.2.0-rc.2(@deepseek-ai/cordis@4.0.2))))(@deepseek-ai/dsh-timeout@0.2.0-rc.2(@deepseek-ai/cordis@4.0.2))
      '@deepseek-ai/dsh-storage': 0.2.0-rc.2(@deepseek-ai/cordis@4.0.2)
      '@deepseek-ai/dsh-storage-domain': 0.2.0-rc.2(@deepseek-ai/cordis@4.0.2)(@deepseek-ai/dsh-invariants@0.2.0-rc.2(@deepseek-ai/cordis@4.0.2))(@deepseek-ai/dsh-storage@0.2.0-rc.2(@deepseek-ai/cordis@4.0.2))
      '@deepseek-ai/dsh-typert-protocol': 0.2.0-rc.2(@deepseek-ai/cordis@4.0.2)
      zod: 4.6.5

  '@deepseek-ai/schemastery@3.18.2':
    dependencies:
      '@deepseek-ai/cosmokit': 1.8.3
      '@standard-schema/spec': 1.1.0

  '@deepseek-ai/schemastery@3.18.4':
    dependencies:
      '@deepseek-ai/cosmokit': 1.8.5
      '@standard-schema/spec': 1.1.0

  '@standard-schema/spec@1.1.0': {}

  '@types/node@22.20.3':
    dependencies:
      undici-types: 6.21.0

  argparse@2.0.1:
    optional: true

  fflate@0.8.3: {}

  js-yaml@4.3.2:
    dependencies:
      argparse: 2.0.1
    optional: true

  typescript@6.0.3: {}

  undici-types@6.21.0: {}

  undici@8.10.2: {}

  zod@4.6.5: {}
